
Microsoft Visual Studio Solution File, Format Version 12.00
# Visual Studio Version 16
VisualStudioVersion = 16.0.31205.134
MinimumVisualStudioVersion = 10.0.40219.1
Project("{FAE04EC0-301F-11D3-BF4B-00C04F79EFBC}") = "EXERCICIO 01 - ESTRUTURA FOR", "EXERCICIO 01 - ESTRUTURA FOR\EXERCICIO 01 - ESTRUTURA FOR.csproj", "{166D92EC-3FDB-4699-A11D-FA33C1D46BDD}"
EndProject
Global
	GlobalSection(SolutionConfigurationPlatforms) = preSolution
		Debug|Any CPU = Debug|Any CPU
		Release|Any CPU = Release|Any CPU
	EndGlobalSection
	GlobalSection(ProjectConfigurationPlatforms) = postSolution
		{166D92EC-3FDB-4699-A11D-FA33C1D46BDD}.Debug|Any CPU.ActiveCfg = Debug|Any CPU
		{166D92EC-3FDB-4699-A11D-FA33C1D46BDD}.Debug|Any CPU.Build.0 = Debug|Any CPU
		{166D92EC-3FDB-4699-A11D-FA33C1D46BDD}.Release|Any CPU.ActiveCfg = Release|Any CPU
		{166D92EC-3FDB-4699-A11D-FA33C1D46BDD}.Release|Any CPU.Build.0 = Release|Any CPU
	EndGlobalSection
	GlobalSection(SolutionProperties) = preSolution
		HideSolutionNode = FALSE
	EndGlobalSection
	GlobalSection(ExtensibilityGlobals) = postSolution
		SolutionGuid = {29B372C0-D29F-4A66-A06F-4B630ADCBF38}
	EndGlobalSection
EndGlobal
